
Microsoft Visual Studio Solution File, Format Version 12.00
# Visual Studio Version 16
VisualStudioVersion = 16.0.31424.327
MinimumVisualStudioVersion = 10.0.40219.1
Project("{FAE04EC0-301F-11D3-BF4B-00C04F79EFBC}") = "RabbitMq.Application", "rabbitMq.Application\RabbitMq.Application.csproj", "{D50D954F-3266-436C-BAC1-22C1421CFB14}"
EndProject
Project("{FAE04EC0-301F-11D3-BF4B-00C04F79EFBC}") = "RabbitMq.Domain", "RabbitMq.Domain\RabbitMq.Domain.csproj", "{C6EF25A1-30EF-41DF-9EC7-81802D17B36E}"
EndProject
Project("{FAE04EC0-301F-11D3-BF4B-00C04F79EFBC}") = "RabbitMq.Service", "RabbitMq.Service\RabbitMq.Service.csproj", "{F39E52B4-FA51-4598-9AC2-817F9C4E78E5}"
EndProject
Project("{FAE04EC0-301F-11D3-BF4B-00C04F79EFBC}") = "RabbitMq.Message.Send", "RabbitMq.Message.Send\RabbitMq.Message.Send.csproj", "{7E96FB88-6CE4-4DEB-9196-8F5F50003158}"
EndProject
Project("{FAE04EC0-301F-11D3-BF4B-00C04F79EFBC}") = "RabbitMq.CrossCutting", "RabbitMq.CrossCutting\RabbitMq.CrossCutting.csproj", "{9AC3E2A6-45BB-4510-B9D4-3F92BEEFC789}"
EndProject
Global
	GlobalSection(SolutionConfigurationPlatforms) = preSolution
		Debug|Any CPU = Debug|Any CPU
		Release|Any CPU = Release|Any CPU
	EndGlobalSection
	GlobalSection(ProjectConfigurationPlatforms) = postSolution
		{D50D954F-3266-436C-BAC1-22C1421CFB14}.Debug|Any CPU.ActiveCfg = Debug|Any CPU
		{D50D954F-3266-436C-BAC1-22C1421CFB14}.Debug|Any CPU.Build.0 = Debug|Any CPU
		{D50D954F-3266-436C-BAC1-22C1421CFB14}.Release|Any CPU.ActiveCfg = Release|Any CPU
		{D50D954F-3266-436C-BAC1-22C1421CFB14}.Release|Any CPU.Build.0 = Release|Any CPU
		{C6EF25A1-30EF-41DF-9EC7-81802D17B36E}.Debug|Any CPU.ActiveCfg = Debug|Any CPU
		{C6EF25A1-30EF-41DF-9EC7-81802D17B36E}.Debug|Any CPU.Build.0 = Debug|Any CPU
		{C6EF25A1-30EF-41DF-9EC7-81802D17B36E}.Release|Any CPU.ActiveCfg = Release|Any CPU
		{C6EF25A1-30EF-41DF-9EC7-81802D17B36E}.Release|Any CPU.Build.0 = Release|Any CPU
		{F39E52B4-FA51-4598-9AC2-817F9C4E78E5}.Debug|Any CPU.ActiveCfg = Debug|Any CPU
		{F39E52B4-FA51-4598-9AC2-817F9C4E78E5}.Debug|Any CPU.Build.0 = Debug|Any CPU
		{F39E52B4-FA51-4598-9AC2-817F9C4E78E5}.Release|Any CPU.ActiveCfg = Release|Any CPU
		{F39E52B4-FA51-4598-9AC2-817F9C4E78E5}.Release|Any CPU.Build.0 = Release|Any CPU
		{7E96FB88-6CE4-4DEB-9196-8F5F50003158}.Debug|Any CPU.ActiveCfg = Debug|Any CPU
		{7E96FB88-6CE4-4DEB-9196-8F5F50003158}.Debug|Any CPU.Build.0 = Debug|Any CPU
		{7E96FB88-6CE4-4DEB-9196-8F5F50003158}.Release|Any CPU.ActiveCfg = Release|Any CPU
		{7E96FB88-6CE4-4DEB-9196-8F5F50003158}.Release|Any CPU.Build.0 = Release|Any CPU
		{9AC3E2A6-45BB-4510-B9D4-3F92BEEFC789}.Debug|Any CPU.ActiveCfg = Debug|Any CPU
		{9AC3E2A6-45BB-4510-B9D4-3F92BEEFC789}.Debug|Any CPU.Build.0 = Debug|Any CPU
		{9AC3E2A6-45BB-4510-B9D4-3F92BEEFC789}.Release|Any CPU.ActiveCfg = Release|Any CPU
		{9AC3E2A6-45BB-4510-B9D4-3F92BEEFC789}.Release|Any CPU.Build.0 = Release|Any CPU
	EndGlobalSection
	GlobalSection(SolutionProperties) = preSolution
		HideSolutionNode = FALSE
	EndGlobalSection
	GlobalSection(ExtensibilityGlobals) = postSolution
		SolutionGuid = {14C4895B-F030-4DB3-9819-1CB8811FAE2A}
	EndGlobalSection
EndGlobal
